
Microsoft Visual Studio Solution File, Format Version 12.00
# Visual Studio 14
VisualStudioVersion = 14.0.25420.1
MinimumVisualStudioVersion = 10.0.40219.1
Project("{FAE04EC0-301F-11D3-BF4B-00C04F79EFBC}") = "SystemQuiche", "SystemQuiche\SystemQuiche.csproj", "{B75BB311-2C06-495E-9E21-A92760B0F3E0}"
EndProject
Project("{FAE04EC0-301F-11D3-BF4B-00C04F79EFBC}") = "DAL", "DAL\DAL.csproj", "{FE40DCE6-6D66-4398-86FD-2FB5B9EA60F4}"
EndProject
Project("{FAE04EC0-301F-11D3-BF4B-00C04F79EFBC}") = "Model", "Model\Model.csproj", "{076C9008-950B-4D8C-9AC7-473AD81B4544}"
EndProject
Project("{FAE04EC0-301F-11D3-BF4B-00C04F79EFBC}") = "BLL", "BLL\BLL.csproj", "{E1CDE789-1064-4AD7-9659-DAA2FCB80887}"
EndProject
Global
	GlobalSection(SolutionConfigurationPlatforms) = preSolution
		Debug|Any CPU = Debug|Any CPU
		Release|Any CPU = Release|Any CPU
	EndGlobalSection
	GlobalSection(ProjectConfigurationPlatforms) = postSolution
		{B75BB311-2C06-495E-9E21-A92760B0F3E0}.Debug|Any CPU.ActiveCfg = Debug|Any CPU
		{B75BB311-2C06-495E-9E21-A92760B0F3E0}.Debug|Any CPU.Build.0 = Debug|Any CPU
		{B75BB311-2C06-495E-9E21-A92760B0F3E0}.Release|Any CPU.ActiveCfg = Release|Any CPU
		{B75BB311-2C06-495E-9E21-A92760B0F3E0}.Release|Any CPU.Build.0 = Release|Any CPU
		{FE40DCE6-6D66-4398-86FD-2FB5B9EA60F4}.Debug|Any CPU.ActiveCfg = Debug|Any CPU
		{FE40DCE6-6D66-4398-86FD-2FB5B9EA60F4}.Debug|Any CPU.Build.0 = Debug|Any CPU
		{FE40DCE6-6D66-4398-86FD-2FB5B9EA60F4}.Release|Any CPU.ActiveCfg = Release|Any CPU
		{FE40DCE6-6D66-4398-86FD-2FB5B9EA60F4}.Release|Any CPU.Build.0 = Release|Any CPU
		{076C9008-950B-4D8C-9AC7-473AD81B4544}.Debug|Any CPU.ActiveCfg = Debug|Any CPU
		{076C9008-950B-4D8C-9AC7-473AD81B4544}.Debug|Any CPU.Build.0 = Debug|Any CPU
		{076C9008-950B-4D8C-9AC7-473AD81B4544}.Release|Any CPU.ActiveCfg = Release|Any CPU
		{076C9008-950B-4D8C-9AC7-473AD81B4544}.Release|Any CPU.Build.0 = Release|Any CPU
		{E1CDE789-1064-4AD7-9659-DAA2FCB80887}.Debug|Any CPU.ActiveCfg = Debug|Any CPU
		{E1CDE789-1064-4AD7-9659-DAA2FCB80887}.Debug|Any CPU.Build.0 = Debug|Any CPU
		{E1CDE789-1064-4AD7-9659-DAA2FCB80887}.Release|Any CPU.ActiveCfg = Release|Any CPU
		{E1CDE789-1064-4AD7-9659-DAA2FCB80887}.Release|Any CPU.Build.0 = Release|Any CPU
	EndGlobalSection
	GlobalSection(SolutionProperties) = preSolution
		HideSolutionNode = FALSE
	EndGlobalSection
EndGlobal
